{
    "_readme": [
        "This file locks the dependencies of your project to a known state",
        "Read more about it at https://getcomposer.org/doc/01-basic-usage.md#installing-dependencies",
        "This file is @generated automatically"
    ],
    "content-hash": "f4dee3dc9e22c1b26819357d2db497bc",
    "packages": [
        {
            "name": "helsingborg-stad/acf-export-manager",
            "version": "1.0.11",
            "source": {
                "type": "git",
                "url": "https://github.com/helsingborg-stad/acf-export-manager.git",
                "reference": "27e904a24eb013cac5c8f3d3c30e88b5b9b7859b"
            },
            "dist": {
                "type": "zip",
                "url": "https://api.github.com/repos/helsingborg-stad/acf-export-manager/zipball/27e904a24eb013cac5c8f3d3c30e88b5b9b7859b",
                "reference": "27e904a24eb013cac5c8f3d3c30e88b5b9b7859b",
                "shasum": ""
            },
            "type": "library",
            "autoload": {
                "psr-4": {
                    "AcfExportManager\\": "src"
                }
            },
            "license": [
                "MIT"
            ],
            "authors": [
                {
                    "name": "Kristoffer Svanmark",
                    "email": "kristoffer.svanmark@knowit.se"
                }
            ],
            "description": "ACF Export Manager is a extension that let's you automatically export specified your ACF fields on save.",
            "support": {
                "source": "https://github.com/helsingborg-stad/acf-export-manager/tree/1.0.11",
                "issues": "https://github.com/helsingborg-stad/acf-export-manager/issues"
            },
            "time": "2018-05-29T07:52:24+00:00"
        }
    ],
    "packages-dev": [],
    "aliases": [],
    "minimum-stability": "stable",
    "stability-flags": {},
    "prefer-stable": false,
    "prefer-lowest": false,
    "platform": {},
    "platform-dev": {},
    "plugin-api-version": "2.6.0"
}
