{
    "_readme": [
        "This file locks the dependencies of your project to a known state",
        "Read more about it at https://getcomposer.org/doc/01-basic-usage.md#installing-dependencies",
        "This file is @generated automatically"
    ],
    "content-hash": "322f6f5c742646bed654247f4e57fe26",
    "packages": [
        {
            "name": "helsingborg-stad/acf-export-manager",
            "version": "1.0.11",
            "source": {
                "type": "git",
                "url": "https://github.com/helsingborg-stad/acf-export-manager.git",
                "reference": "27e904a24eb013cac5c8f3d3c30e88b5b9b7859b"
            },
            "dist": {
                "type": "zip",
                "url": "https://api.github.com/repos/helsingborg-stad/acf-export-manager/zipball/27e904a24eb013cac5c8f3d3c30e88b5b9b7859b",
                "reference": "27e904a24eb013cac5c8f3d3c30e88b5b9b7859b",
                "shasum": ""
            },
            "type": "library",
            "autoload": {
                "psr-4": {
                    "AcfExportManager\\": "src"
                }
            },
            "license": [
                "MIT"
            ],
            "authors": [
                {
                    "name": "Kristoffer Svanmark",
                    "email": "kristoffer.svanmark@knowit.se"
                }
            ],
            "description": "ACF Export Manager is a extension that let's you automatically export specified your ACF fields on save.",
            "support": {
                "source": "https://github.com/helsingborg-stad/acf-export-manager/tree/1.0.11",
                "issues": "https://github.com/helsingborg-stad/acf-export-manager/issues"
            },
            "time": "2018-05-29T07:52:24+00:00"
        },
        {
            "name": "helsingborg-stad/recaptcha-integration",
            "version": "1.1.2",
            "source": {
                "type": "git",
                "url": "https://github.com/helsingborg-stad/recaptcha-integration.git",
                "reference": "e64e073cd204af6688d170839c92f06c9c223c5f"
            },
            "dist": {
                "type": "zip",
                "url": "https://api.github.com/repos/helsingborg-stad/recaptcha-integration/zipball/e64e073cd204af6688d170839c92f06c9c223c5f",
                "reference": "e64e073cd204af6688d170839c92f06c9c223c5f",
                "shasum": ""
            },
            "type": "library",
            "autoload": {
                "psr-4": {
                    "HelsingborgStad\\": "src"
                }
            },
            "notification-url": "https://packagist.org/downloads/",
            "license": [
                "MIT"
            ],
            "authors": [
                {
                    "name": "Johan Silvergrund",
                    "email": "johan.silvergrund@helsingborg.se"
                }
            ],
            "description": "Google ReCAPTCHA v3 integration for Municipio and plugins",
            "support": {
                "issues": "https://github.com/helsingborg-stad/recaptcha-integration/issues",
                "source": "https://github.com/helsingborg-stad/recaptcha-integration/tree/1.1.2"
            },
            "time": "2021-03-24T10:38:12+00:00"
        }
    ],
    "packages-dev": [],
    "aliases": [],
    "minimum-stability": "stable",
    "stability-flags": [],
    "prefer-stable": false,
    "prefer-lowest": false,
    "platform": [],
    "platform-dev": [],
    "plugin-api-version": "2.0.0"
}
